
Microsoft Visual Studio Solution File, Format Version 12.00
# Visual Studio Version 16
VisualStudioVersion = 16.0.30804.86
MinimumVisualStudioVersion = 10.0.40219.1
Project("{FAE04EC0-301F-11D3-BF4B-00C04F79EFBC}") = "Proba06", "Proba06\Proba06.csproj", "{D89131D7-1725-4F9C-9C4F-41347896B8DB}"
EndProject
Global
	GlobalSection(SolutionConfigurationPlatforms) = preSolution
		Debug|Any CPU = Debug|Any CPU
		Release|Any CPU = Release|Any CPU
	EndGlobalSection
	GlobalSection(ProjectConfigurationPlatforms) = postSolution
		{D89131D7-1725-4F9C-9C4F-41347896B8DB}.Debug|Any CPU.ActiveCfg = Debug|Any CPU
		{D89131D7-1725-4F9C-9C4F-41347896B8DB}.Debug|Any CPU.Build.0 = Debug|Any CPU
		{D89131D7-1725-4F9C-9C4F-41347896B8DB}.Release|Any CPU.ActiveCfg = Release|Any CPU
		{D89131D7-1725-4F9C-9C4F-41347896B8DB}.Release|Any CPU.Build.0 = Release|Any CPU
	EndGlobalSection
	GlobalSection(SolutionProperties) = preSolution
		HideSolutionNode = FALSE
	EndGlobalSection
	GlobalSection(ExtensibilityGlobals) = postSolution
		SolutionGuid = {AEEFA695-52F7-40AA-9CFC-0FF97D448F3D}
	EndGlobalSection
EndGlobal
